
Microsoft Visual Studio Solution File, Format Version 12.00
Project("{FAE04EC0-301F-11D3-BF4B-00C04F79EFBC}") = "Presentation", "Source\Presentation\Presentation.csproj", "{459AF6BB-93FE-47FA-A4E9-304B4DFEE1E9}"
EndProject
Project("{2150E333-8FDC-42A3-9474-1A3956D46DE8}") = "Source", "Source", "{9B1D6207-1AD9-402B-9E93-1DFD0F8B7072}"
EndProject
Project("{2150E333-8FDC-42A3-9474-1A3956D46DE8}") = "Tests", "Tests", "{454F607A-26BC-40B5-985E-41C0A7B94AAF}"
EndProject
Project("{2150E333-8FDC-42A3-9474-1A3956D46DE8}") = "Docker", "Docker", "{72E00638-A3D5-4882-98D3-91EFF5118C59}"
	ProjectSection(SolutionItems) = preProject
		Docker\docker-compose.yml = Docker\docker-compose.yml
		Docker\Dockerfile = Docker\Dockerfile
		Docker\.gitignore = Docker\.gitignore
	EndProjectSection
EndProject
Project("{FAE04EC0-301F-11D3-BF4B-00C04F79EFBC}") = "Infrastructure", "Source\Infrastructure\Infrastructure.csproj", "{EFA2D0CA-5099-492D-B2AC-159FB970BAA0}"
EndProject
Global
	GlobalSection(SolutionConfigurationPlatforms) = preSolution
		Debug|Any CPU = Debug|Any CPU
		Release|Any CPU = Release|Any CPU
	EndGlobalSection
	GlobalSection(ProjectConfigurationPlatforms) = postSolution
		{459AF6BB-93FE-47FA-A4E9-304B4DFEE1E9}.Debug|Any CPU.ActiveCfg = Debug|Any CPU
		{459AF6BB-93FE-47FA-A4E9-304B4DFEE1E9}.Debug|Any CPU.Build.0 = Debug|Any CPU
		{459AF6BB-93FE-47FA-A4E9-304B4DFEE1E9}.Release|Any CPU.ActiveCfg = Release|Any CPU
		{459AF6BB-93FE-47FA-A4E9-304B4DFEE1E9}.Release|Any CPU.Build.0 = Release|Any CPU
		{EFA2D0CA-5099-492D-B2AC-159FB970BAA0}.Debug|Any CPU.ActiveCfg = Debug|Any CPU
		{EFA2D0CA-5099-492D-B2AC-159FB970BAA0}.Debug|Any CPU.Build.0 = Debug|Any CPU
		{EFA2D0CA-5099-492D-B2AC-159FB970BAA0}.Release|Any CPU.ActiveCfg = Release|Any CPU
		{EFA2D0CA-5099-492D-B2AC-159FB970BAA0}.Release|Any CPU.Build.0 = Release|Any CPU
	EndGlobalSection
	GlobalSection(NestedProjects) = preSolution
		{459AF6BB-93FE-47FA-A4E9-304B4DFEE1E9} = {9B1D6207-1AD9-402B-9E93-1DFD0F8B7072}
		{EFA2D0CA-5099-492D-B2AC-159FB970BAA0} = {9B1D6207-1AD9-402B-9E93-1DFD0F8B7072}
	EndGlobalSection
EndGlobal
